// !$*UTF8*$!
{
	archiveVersion = 1;
	classes = {
	};
	objectVersion = 55;
	objects = {

/* Begin PBXBuildFile section */
		55269BC928DCF61000E6134B /* main.cpp in Sources */ = {isa = PBXBuildFile; fileRef = 55269BC828DCF61000E6134B /* main.cpp */; };
		55269BD428DCFE0A00E6134B /* main.cpp in Sources */ = {isa = PBXBuildFile; fileRef = 55269BD328DCFE0A00E6134B /* main.cpp */; };
		55269BF528DD443B00E6134B /* main.cpp in Sources */ = {isa = PBXBuildFile; fileRef = 55269BF428DD443B00E6134B /* main.cpp */; };
/* End PBXBuildFile section */

/* Begin PBXCopyFilesBuildPhase section */
		55269BC428DCF61000E6134B /* CopyFiles */ = {
			isa = PBXCopyFilesBuildPhase;
			buildActionMask = 2147483647;
			dstPath = /usr/share/man/man1/;
			dstSubfolderSpec = 0;
			files = (
			);
			runOnlyForDeploymentPostprocessing = 1;
		};
		55269BCF28DCFE0A00E6134B /* CopyFiles */ = {
			isa = PBXCopyFilesBuildPhase;
			buildActionMask = 2147483647;
			dstPath = /usr/share/man/man1/;
			dstSubfolderSpec = 0;
			files = (
			);
			runOnlyForDeploymentPostprocessing = 1;
		};
		55269BF028DD443B00E6134B /* CopyFiles */ = {
			isa = PBXCopyFilesBuildPhase;
			buildActionMask = 2147483647;
			dstPath = /usr/share/man/man1/;
			dstSubfolderSpec = 0;
			files = (
			);
			runOnlyForDeploymentPostprocessing = 1;
		};
/* End PBXCopyFilesBuildPhase section */

/* Begin PBXFileReference section */
		55269BC628DCF61000E6134B /* Test 1 */ = {isa = PBXFileReference; explicitFileType = "compiled.mach-o.executable"; includeInIndex = 0; path = "Test 1"; sourceTree = BUILT_PRODUCTS_DIR; };
		55269BC828DCF61000E6134B /* main.cpp */ = {isa = PBXFileReference; lastKnownFileType = sourcecode.cpp.cpp; path = main.cpp; sourceTree = "<group>"; };
		55269BD128DCFE0A00E6134B /* Test 2 */ = {isa = PBXFileReference; explicitFileType = "compiled.mach-o.executable"; includeInIndex = 0; path = "Test 2"; sourceTree = BUILT_PRODUCTS_DIR; };
		55269BD328DCFE0A00E6134B /* main.cpp */ = {isa = PBXFileReference; lastKnownFileType = sourcecode.cpp.cpp; path = main.cpp; sourceTree = "<group>"; };
		55269BF228DD443B00E6134B /* Test 3 */ = {isa = PBXFileReference; explicitFileType = "compiled.mach-o.executable"; includeInIndex = 0; path = "Test 3"; sourceTree = BUILT_PRODUCTS_DIR; };
		55269BF428DD443B00E6134B /* main.cpp */ = {isa = PBXFileReference; lastKnownFileType = sourcecode.cpp.cpp; path = main.cpp; sourceTree = "<group>"; };
/* End PBXFileReference section */

/* Begin PBXFrameworksBuildPhase section */
		55269BC328DCF61000E6134B /* Frameworks */ = {
			isa = PBXFrameworksBuildPhase;
			buildActionMask = 2147483647;
			files = (
			);
			runOnlyForDeploymentPostprocessing = 0;
		};
		55269BCE28DCFE0A00E6134B /* Frameworks */ = {
			isa = PBXFrameworksBuildPhase;
			buildActionMask = 2147483647;
			files = (
			);
			runOnlyForDeploymentPostprocessing = 0;
		};
		55269BEF28DD443B00E6134B /* Frameworks */ = {
			isa = PBXFrameworksBuildPhase;
			buildActionMask = 2147483647;
			files = (
			);
			runOnlyForDeploymentPostprocessing = 0;
		};
/* End PBXFrameworksBuildPhase section */

/* Begin PBXGroup section */
		55269BAF28DCF5EA00E6134B = {
			isa = PBXGroup;
			children = (
				55269BC728DCF61000E6134B /* Test 1 */,
				55269BD228DCFE0A00E6134B /* Test 2 */,
				55269BF328DD443B00E6134B /* Test 3 */,
				55269BB928DCF5EA00E6134B /* Products */,
			);
			sourceTree = "<group>";
		};
		55269BB928DCF5EA00E6134B /* Products */ = {
			isa = PBXGroup;
			children = (
				55269BC628DCF61000E6134B /* Test 1 */,
				55269BD128DCFE0A00E6134B /* Test 2 */,
				55269BF228DD443B00E6134B /* Test 3 */,
			);
			name = Products;
			sourceTree = "<group>";
		};
		55269BC728DCF61000E6134B /* Test 1 */ = {
			isa = PBXGroup;
			children = (
				55269BC828DCF61000E6134B /* main.cpp */,
			);
			path = "Test 1";
			sourceTree = "<group>";
		};
		55269BD228DCFE0A00E6134B /* Test 2 */ = {
			isa = PBXGroup;
			children = (
				55269BD328DCFE0A00E6134B /* main.cpp */,
			);
			path = "Test 2";
			sourceTree = "<group>";
		};
		55269BF328DD443B00E6134B /* Test 3 */ = {
			isa = PBXGroup;
			children = (
				55269BF428DD443B00E6134B /* main.cpp */,
			);
			path = "Test 3";
			sourceTree = "<group>";
		};
/* End PBXGroup section */

/* Begin PBXNativeTarget section */
		55269BC528DCF61000E6134B /* Test 1 */ = {
			isa = PBXNativeTarget;
			buildConfigurationList = 55269BCA28DCF61000E6134B /* Build configuration list for PBXNativeTarget "Test 1" */;
			buildPhases = (
				55269BC228DCF61000E6134B /* Sources */,
				55269BC328DCF61000E6134B /* Frameworks */,
				55269BC428DCF61000E6134B /* CopyFiles */,
			);
			buildRules = (
			);
			dependencies = (
			);
			name = "Test 1";
			productName = "Test 1";
			productReference = 55269BC628DCF61000E6134B /* Test 1 */;
			productType = "com.apple.product-type.tool";
		};
		55269BD028DCFE0A00E6134B /* Test 2 */ = {
			isa = PBXNativeTarget;
			buildConfigurationList = 55269BD528DCFE0A00E6134B /* Build configuration list for PBXNativeTarget "Test 2" */;
			buildPhases = (
				55269BCD28DCFE0A00E6134B /* Sources */,
				55269BCE28DCFE0A00E6134B /* Frameworks */,
				55269BCF28DCFE0A00E6134B /* CopyFiles */,
			);
			buildRules = (
			);
			dependencies = (
			);
			name = "Test 2";
			productName = "Test 2";
			productReference = 55269BD128DCFE0A00E6134B /* Test 2 */;
			productType = "com.apple.product-type.tool";
		};
		55269BF128DD443B00E6134B /* Test 3 */ = {
			isa = PBXNativeTarget;
			buildConfigurationList = 55269BF628DD443B00E6134B /* Build configuration list for PBXNativeTarget "Test 3" */;
			buildPhases = (
				55269BEE28DD443B00E6134B /* Sources */,
				55269BEF28DD443B00E6134B /* Frameworks */,
				55269BF028DD443B00E6134B /* CopyFiles */,
			);
			buildRules = (
			);
			dependencies = (
			);
			name = "Test 3";
			productName = "Test 3";
			productReference = 55269BF228DD443B00E6134B /* Test 3 */;
			productType = "com.apple.product-type.tool";
		};
/* End PBXNativeTarget section */

/* Begin PBXProject section */
		55269BB028DCF5EA00E6134B /* Project object */ = {
			isa = PBXProject;
			attributes = {
				BuildIndependentTargetsInParallel = 1;
				LastUpgradeCheck = 1330;
				TargetAttributes = {
					55269BC528DCF61000E6134B = {
						CreatedOnToolsVersion = 13.3;
					};
					55269BD028DCFE0A00E6134B = {
						CreatedOnToolsVersion = 13.3;
					};
					55269BF128DD443B00E6134B = {
						CreatedOnToolsVersion = 13.3;
					};
				};
			};
			buildConfigurationList = 55269BB328DCF5EA00E6134B /* Build configuration list for PBXProject "Diamond test" */;
			compatibilityVersion = "Xcode 13.0";
			developmentRegion = en;
			hasScannedForEncodings = 0;
			knownRegions = (
				en,
				Base,
			);
			mainGroup = 55269BAF28DCF5EA00E6134B;
			productRefGroup = 55269BB928DCF5EA00E6134B /* Products */;
			projectDirPath = "";
			projectRoot = "";
			targets = (
				55269BC528DCF61000E6134B /* Test 1 */,
				55269BD028DCFE0A00E6134B /* Test 2 */,
				55269BF128DD443B00E6134B /* Test 3 */,
			);
		};
/* End PBXProject section */

/* Begin PBXSourcesBuildPhase section */
		55269BC228DCF61000E6134B /* Sources */ = {
			isa = PBXSourcesBuildPhase;
			buildActionMask = 2147483647;
			files = (
				55269BC928DCF61000E6134B /* main.cpp in Sources */,
			);
			runOnlyForDeploymentPostprocessing = 0;
		};
		55269BCD28DCFE0A00E6134B /* Sources */ = {
			isa = PBXSourcesBuildPhase;
			buildActionMask = 2147483647;
			files = (
				55269BD428DCFE0A00E6134B /* main.cpp in Sources */,
			);
			runOnlyForDeploymentPostprocessing = 0;
		};
		55269BEE28DD443B00E6134B /* Sources */ = {
			isa = PBXSourcesBuildPhase;
			buildActionMask = 2147483647;
			files = (
				55269BF528DD443B00E6134B /* main.cpp in Sources */,
			);
			runOnlyForDeploymentPostprocessing = 0;
		};
/* End PBXSourcesBuildPhase section */

/* Begin XCBuildConfiguration section */
		55269BBD28DCF5EA00E6134B /* Debug */ = {
			isa = XCBuildConfiguration;
			buildSettings = {
				ALWAYS_SEARCH_USER_PATHS = NO;
				CLANG_ANALYZER_NONNULL = YES;
				CLANG_ANALYZER_NUMBER_OBJECT_CONVERSION = YES_AGGRESSIVE;
				CLANG_CXX_LANGUAGE_STANDARD = "gnu++17";
				CLANG_ENABLE_MODULES = YES;
				CLANG_ENABLE_OBJC_ARC = YES;
				CLANG_ENABLE_OBJC_WEAK = YES;
				CLANG_WARN_BLOCK_CAPTURE_AUTORELEASING = YES;
				CLANG_WARN_BOOL_CONVERSION = YES;
				CLANG_WARN_COMMA = YES;
				CLANG_WARN_CONSTANT_CONVERSION = YES;
				CLANG_WARN_DEPRECATED_OBJC_IMPLEMENTATIONS = YES;
				CLANG_WARN_DIRECT_OBJC_ISA_USAGE = YES_ERROR;
				CLANG_WARN_DOCUMENTATION_COMMENTS = YES;
				CLANG_WARN_EMPTY_BODY = YES;
				CLANG_WARN_ENUM_CONVERSION = YES;
				CLANG_WARN_INFINITE_RECURSION = YES;
				CLANG_WARN_INT_CONVERSION = YES;
				CLANG_WARN_NON_LITERAL_NULL_CONVERSION = YES;
				CLANG_WARN_OBJC_IMPLICIT_RETAIN_SELF = YES;
				CLANG_WARN_OBJC_LITERAL_CONVERSION = YES;
				CLANG_WARN_OBJC_ROOT_CLASS = YES_ERROR;
				CLANG_WARN_QUOTED_INCLUDE_IN_FRAMEWORK_HEADER = YES;
				CLANG_WARN_RANGE_LOOP_ANALYSIS = YES;
				CLANG_WARN_STRICT_PROTOTYPES = YES;
				CLANG_WARN_SUSPICIOUS_MOVE = YES;
				CLANG_WARN_UNGUARDED_AVAILABILITY = YES_AGGRESSIVE;
				CLANG_WARN_UNREACHABLE_CODE = YES;
				CLANG_WARN__DUPLICATE_METHOD_MATCH = YES;
				COPY_PHASE_STRIP = NO;
				DEBUG_INFORMATION_FORMAT = dwarf;
				ENABLE_STRICT_OBJC_MSGSEND = YES;
				ENABLE_TESTABILITY = YES;
				GCC_C_LANGUAGE_STANDARD = gnu11;
				GCC_DYNAMIC_NO_PIC = NO;
				GCC_NO_COMMON_BLOCKS = YES;
				GCC_OPTIMIZATION_LEVEL = 0;
				GCC_PREPROCESSOR_DEFINITIONS = (
					"DEBUG=1",
					"$(inherited)",
				);
				GCC_WARN_64_TO_32_BIT_CONVERSION = YES;
				GCC_WARN_ABOUT_RETURN_TYPE = YES_ERROR;
				GCC_WARN_UNDECLARED_SELECTOR = YES;
				GCC_WARN_UNINITIALIZED_AUTOS = YES_AGGRESSIVE;
				GCC_WARN_UNUSED_FUNCTION = YES;
				GCC_WARN_UNUSED_VARIABLE = YES;
				HEADER_SEARCH_PATHS = /usr/local/Cellar/boost/1.79.0_2/include;
				MACOSX_DEPLOYMENT_TARGET = 12.2;
				MTL_ENABLE_DEBUG_INFO = INCLUDE_SOURCE;
				MTL_FAST_MATH = YES;
				ONLY_ACTIVE_ARCH = YES;
				SDKROOT = macosx;
			};
			name = Debug;
		};
		55269BBE28DCF5EA00E6134B /* Release */ = {
			isa = XCBuildConfiguration;
			buildSettings = {
				ALWAYS_SEARCH_USER_PATHS = NO;
				CLANG_ANALYZER_NONNULL = YES;
				CLANG_ANALYZER_NUMBER_OBJECT_CONVERSION = YES_AGGRESSIVE;
				CLANG_CXX_LANGUAGE_STANDARD = "gnu++17";
				CLANG_ENABLE_MODULES = YES;
				CLANG_ENABLE_OBJC_ARC = YES;
				CLANG_ENABLE_OBJC_WEAK = YES;
				CLANG_WARN_BLOCK_CAPTURE_AUTORELEASING = YES;
				CLANG_WARN_BOOL_CONVERSION = YES;
				CLANG_WARN_COMMA = YES;
				CLANG_WARN_CONSTANT_CONVERSION = YES;
				CLANG_WARN_DEPRECATED_OBJC_IMPLEMENTATIONS = YES;
				CLANG_WARN_DIRECT_OBJC_ISA_USAGE = YES_ERROR;
				CLANG_WARN_DOCUMENTATION_COMMENTS = YES;
				CLANG_WARN_EMPTY_BODY = YES;
				CLANG_WARN_ENUM_CONVERSION = YES;
				CLANG_WARN_INFINITE_RECURSION = YES;
				CLANG_WARN_INT_CONVERSION = YES;
				CLANG_WARN_NON_LITERAL_NULL_CONVERSION = YES;
				CLANG_WARN_OBJC_IMPLICIT_RETAIN_SELF = YES;
				CLANG_WARN_OBJC_LITERAL_CONVERSION = YES;
				CLANG_WARN_OBJC_ROOT_CLASS = YES_ERROR;
				CLANG_WARN_QUOTED_INCLUDE_IN_FRAMEWORK_HEADER = YES;
				CLANG_WARN_RANGE_LOOP_ANALYSIS = YES;
				CLANG_WARN_STRICT_PROTOTYPES = YES;
				CLANG_WARN_SUSPICIOUS_MOVE = YES;
				CLANG_WARN_UNGUARDED_AVAILABILITY = YES_AGGRESSIVE;
				CLANG_WARN_UNREACHABLE_CODE = YES;
				CLANG_WARN__DUPLICATE_METHOD_MATCH = YES;
				COPY_PHASE_STRIP = NO;
				DEBUG_INFORMATION_FORMAT = "dwarf-with-dsym";
				ENABLE_NS_ASSERTIONS = NO;
				ENABLE_STRICT_OBJC_MSGSEND = YES;
				GCC_C_LANGUAGE_STANDARD = gnu11;
				GCC_NO_COMMON_BLOCKS = YES;
				GCC_WARN_64_TO_32_BIT_CONVERSION = YES;
				GCC_WARN_ABOUT_RETURN_TYPE = YES_ERROR;
				GCC_WARN_UNDECLARED_SELECTOR = YES;
				GCC_WARN_UNINITIALIZED_AUTOS = YES_AGGRESSIVE;
				GCC_WARN_UNUSED_FUNCTION = YES;
				GCC_WARN_UNUSED_VARIABLE = YES;
				HEADER_SEARCH_PATHS = /usr/local/Cellar/boost/1.79.0_2/include;
				MACOSX_DEPLOYMENT_TARGET = 12.2;
				MTL_ENABLE_DEBUG_INFO = NO;
				MTL_FAST_MATH = YES;
				SDKROOT = macosx;
			};
			name = Release;
		};
		55269BCB28DCF61000E6134B /* Debug */ = {
			isa = XCBuildConfiguration;
			buildSettings = {
				CODE_SIGN_STYLE = Automatic;
				PRODUCT_NAME = "$(TARGET_NAME)";
			};
			name = Debug;
		};
		55269BCC28DCF61000E6134B /* Release */ = {
			isa = XCBuildConfiguration;
			buildSettings = {
				CODE_SIGN_STYLE = Automatic;
				PRODUCT_NAME = "$(TARGET_NAME)";
			};
			name = Release;
		};
		55269BD628DCFE0A00E6134B /* Debug */ = {
			isa = XCBuildConfiguration;
			buildSettings = {
				CODE_SIGN_STYLE = Automatic;
				PRODUCT_NAME = "$(TARGET_NAME)";
			};
			name = Debug;
		};
		55269BD728DCFE0A00E6134B /* Release */ = {
			isa = XCBuildConfiguration;
			buildSettings = {
				CODE_SIGN_STYLE = Automatic;
				PRODUCT_NAME = "$(TARGET_NAME)";
			};
			name = Release;
		};
		55269BF728DD443B00E6134B /* Debug */ = {
			isa = XCBuildConfiguration;
			buildSettings = {
				CODE_SIGN_STYLE = Automatic;
				LIBRARY_SEARCH_PATHS = /opt/local/lib;
				PRODUCT_NAME = "$(TARGET_NAME)";
			};
			name = Debug;
		};
		55269BF828DD443B00E6134B /* Release */ = {
			isa = XCBuildConfiguration;
			buildSettings = {
				CODE_SIGN_STYLE = Automatic;
				LIBRARY_SEARCH_PATHS = /opt/local/lib;
				PRODUCT_NAME = "$(TARGET_NAME)";
			};
			name = Release;
		};
/* End XCBuildConfiguration section */

/* Begin XCConfigurationList section */
		55269BB328DCF5EA00E6134B /* Build configuration list for PBXProject "Diamond test" */ = {
			isa = XCConfigurationList;
			buildConfigurations = (
				55269BBD28DCF5EA00E6134B /* Debug */,
				55269BBE28DCF5EA00E6134B /* Release */,
			);
			defaultConfigurationIsVisible = 0;
			defaultConfigurationName = Release;
		};
		55269BCA28DCF61000E6134B /* Build configuration list for PBXNativeTarget "Test 1" */ = {
			isa = XCConfigurationList;
			buildConfigurations = (
				55269BCB28DCF61000E6134B /* Debug */,
				55269BCC28DCF61000E6134B /* Release */,
			);
			defaultConfigurationIsVisible = 0;
			defaultConfigurationName = Release;
		};
		55269BD528DCFE0A00E6134B /* Build configuration list for PBXNativeTarget "Test 2" */ = {
			isa = XCConfigurationList;
			buildConfigurations = (
				55269BD628DCFE0A00E6134B /* Debug */,
				55269BD728DCFE0A00E6134B /* Release */,
			);
			defaultConfigurationIsVisible = 0;
			defaultConfigurationName = Release;
		};
		55269BF628DD443B00E6134B /* Build configuration list for PBXNativeTarget "Test 3" */ = {
			isa = XCConfigurationList;
			buildConfigurations = (
				55269BF728DD443B00E6134B /* Debug */,
				55269BF828DD443B00E6134B /* Release */,
			);
			defaultConfigurationIsVisible = 0;
			defaultConfigurationName = Release;
		};
/* End XCConfigurationList section */
	};
	rootObject = 55269BB028DCF5EA00E6134B /* Project object */;
}
